
Microsoft Visual Studio Solution File, Format Version 12.00
# Visual Studio Version 17
VisualStudioVersion = 17.9.34723.18
MinimumVisualStudioVersion = 10.0.40219.1
Project("{FAE04EC0-301F-11D3-BF4B-00C04F79EFBC}") = "Unosquare.PedroMartinez.Prefilter", "Unosquare.PedroMartinez.Prefilter\Unosquare.PedroMartinez.Prefilter.csproj", "{29372172-4ECD-4FC8-A15F-C75800B17F28}"
EndProject
Project("{FAE04EC0-301F-11D3-BF4B-00C04F79EFBC}") = "Unosquare.PedroMartinez.Prefilter.Tests", "Unosquare.PedroMartinez.Prefilter.Tests\Unosquare.PedroMartinez.Prefilter.Tests.csproj", "{142E3BF2-3816-4AF7-B8FB-6448D467EFA5}"
EndProject
Global
	GlobalSection(SolutionConfigurationPlatforms) = preSolution
		Debug|Any CPU = Debug|Any CPU
		Release|Any CPU = Release|Any CPU
	EndGlobalSection
	GlobalSection(ProjectConfigurationPlatforms) = postSolution
		{29372172-4ECD-4FC8-A15F-C75800B17F28}.Debug|Any CPU.ActiveCfg = Debug|Any CPU
		{29372172-4ECD-4FC8-A15F-C75800B17F28}.Debug|Any CPU.Build.0 = Debug|Any CPU
		{29372172-4ECD-4FC8-A15F-C75800B17F28}.Release|Any CPU.ActiveCfg = Release|Any CPU
		{29372172-4ECD-4FC8-A15F-C75800B17F28}.Release|Any CPU.Build.0 = Release|Any CPU
		{142E3BF2-3816-4AF7-B8FB-6448D467EFA5}.Debug|Any CPU.ActiveCfg = Debug|Any CPU
		{142E3BF2-3816-4AF7-B8FB-6448D467EFA5}.Debug|Any CPU.Build.0 = Debug|Any CPU
		{142E3BF2-3816-4AF7-B8FB-6448D467EFA5}.Release|Any CPU.ActiveCfg = Release|Any CPU
		{142E3BF2-3816-4AF7-B8FB-6448D467EFA5}.Release|Any CPU.Build.0 = Release|Any CPU
	EndGlobalSection
	GlobalSection(SolutionProperties) = preSolution
		HideSolutionNode = FALSE
	EndGlobalSection
	GlobalSection(ExtensibilityGlobals) = postSolution
		SolutionGuid = {721E83C5-40C0-48D6-BE38-33DD0A8B29E5}
	EndGlobalSection
EndGlobal
